
Microsoft Visual Studio Solution File, Format Version 12.00
# Visual Studio Version 17
VisualStudioVersion = 17.9.34723.18
MinimumVisualStudioVersion = 10.0.40219.1
Project("{2150E333-8FDC-42A3-9474-1A3956D46DE8}") = "ApiGateways", "ApiGateways", "{8096EE5F-65C4-4F07-91F8-995D1637615B}"
EndProject
Project("{2150E333-8FDC-42A3-9474-1A3956D46DE8}") = "EmailService", "EmailService", "{9299E61A-D710-45C5-91B1-80541C4F0231}"
EndProject
Project("{2150E333-8FDC-42A3-9474-1A3956D46DE8}") = "NotificationService", "NotificationService", "{ABABF2DB-277F-4B1B-9251-15A82FD44C24}"
EndProject
Project("{2150E333-8FDC-42A3-9474-1A3956D46DE8}") = "OTPService", "OTPService", "{E3BDEEC1-856C-46EA-8B67-9EBA54D585F5}"
EndProject
Project("{2150E333-8FDC-42A3-9474-1A3956D46DE8}") = "SMSService", "SMSService", "{DA430CD4-ED69-4DB2-B219-A8C2AE941332}"
EndProject
Project("{2150E333-8FDC-42A3-9474-1A3956D46DE8}") = "API", "API", "{B44C91D8-1696-4919-9F78-FDA7EC243403}"
EndProject
Project("{2150E333-8FDC-42A3-9474-1A3956D46DE8}") = "Core", "Core", "{4A4BD1AA-4033-4EA3-B688-54539C3019B9}"
EndProject
Project("{2150E333-8FDC-42A3-9474-1A3956D46DE8}") = "Infrastructure", "Infrastructure", "{86E8D4FA-2FDC-4907-A37F-CB97F4AFB50D}"
EndProject
Project("{2150E333-8FDC-42A3-9474-1A3956D46DE8}") = "Shared", "Shared", "{6C184022-32BC-4DD8-A5BB-694932C08402}"
EndProject
Project("{2150E333-8FDC-42A3-9474-1A3956D46DE8}") = "API", "API", "{1E8EB52D-DF80-4654-A834-CD4AA9F9E24B}"
EndProject
Project("{2150E333-8FDC-42A3-9474-1A3956D46DE8}") = "Core", "Core", "{9F2F24D0-076E-4E19-AD48-D6A934AEC846}"
EndProject
Project("{2150E333-8FDC-42A3-9474-1A3956D46DE8}") = "Infrastructure", "Infrastructure", "{EA5BEC4F-757E-413C-BF5C-620177E25490}"
EndProject
Project("{2150E333-8FDC-42A3-9474-1A3956D46DE8}") = "Shared", "Shared", "{DAA37552-2DD1-4DA4-A412-83A4C158BF15}"
EndProject
Project("{9A19103F-16F7-4668-BE54-9A1E7A4F7556}") = "Host", "EmailService\API\Host\Host.csproj", "{221A2F86-299C-4F50-BCD8-09A7C8E76BF0}"
EndProject
Project("{9A19103F-16F7-4668-BE54-9A1E7A4F7556}") = "Web", "EmailService\API\Web\Web.csproj", "{EDBF3990-3DB8-4313-875A-C90A365F6973}"
EndProject
Project("{9A19103F-16F7-4668-BE54-9A1E7A4F7556}") = "Application", "EmailService\Core\Application\Application.csproj", "{3855B538-5780-4256-BFEE-A1682D418061}"
EndProject
Project("{9A19103F-16F7-4668-BE54-9A1E7A4F7556}") = "Domain", "EmailService\Core\Domain\Domain.csproj", "{450790CB-ABDE-4448-901F-C8821645D59B}"
EndProject
Project("{9A19103F-16F7-4668-BE54-9A1E7A4F7556}") = "Infrastructure", "EmailService\Infrastructure\Infrastructure\Infrastructure.csproj", "{69F836DD-CAF3-491E-BCCD-798BD38A6431}"
EndProject
Project("{9A19103F-16F7-4668-BE54-9A1E7A4F7556}") = "Models", "EmailService\Infrastructure\Models\Models.csproj", "{699C41FD-C3B1-4618-BA2E-9D9D67AF32B8}"
EndProject
Project("{9A19103F-16F7-4668-BE54-9A1E7A4F7556}") = "Persistence", "EmailService\Infrastructure\Persistence\Persistence.csproj", "{4700D293-F41F-4174-B96D-EA261BB7AEE6}"
EndProject
Project("{9A19103F-16F7-4668-BE54-9A1E7A4F7556}") = "Shared", "EmailService\Shared\Shared\Shared.csproj", "{AF74D2E9-3EE3-415B-B829-144F777EF663}"
EndProject
Project("{9A19103F-16F7-4668-BE54-9A1E7A4F7556}") = "Host", "NotificationService\API\Host\Host.csproj", "{1B808BB8-CD2F-4803-BC0C-2485666045FC}"
EndProject
Project("{9A19103F-16F7-4668-BE54-9A1E7A4F7556}") = "Web", "NotificationService\API\Web\Web.csproj", "{5590A6C2-9D84-4F70-AD88-57287195F499}"
EndProject
Project("{9A19103F-16F7-4668-BE54-9A1E7A4F7556}") = "Application", "NotificationService\Core\Application\Application.csproj", "{74BBEC57-806B-4F65-B7ED-581F252C8E28}"
EndProject
Project("{9A19103F-16F7-4668-BE54-9A1E7A4F7556}") = "Domain", "NotificationService\Core\Domain\Domain.csproj", "{27388CEA-50D2-4CC7-A544-DC58AB154740}"
EndProject
Project("{9A19103F-16F7-4668-BE54-9A1E7A4F7556}") = "Infrastructure", "NotificationService\Infrastructure\Infrastructure\Infrastructure.csproj", "{AE4B656B-B589-4D41-923E-27AAB9C81C24}"
EndProject
Project("{9A19103F-16F7-4668-BE54-9A1E7A4F7556}") = "Models", "NotificationService\Infrastructure\Models\Models.csproj", "{539F8CED-3FB9-4AA7-8C27-E6E17BE1857C}"
EndProject
Project("{9A19103F-16F7-4668-BE54-9A1E7A4F7556}") = "Persistence", "NotificationService\Infrastructure\Persistence\Persistence.csproj", "{04FA20B0-8022-4252-9D8D-55790199A57A}"
EndProject
Project("{9A19103F-16F7-4668-BE54-9A1E7A4F7556}") = "Shared", "NotificationService\Shared\Shared\Shared.csproj", "{41C1DACA-D878-47EC-BAF3-870337CD469A}"
EndProject
Project("{2150E333-8FDC-42A3-9474-1A3956D46DE8}") = "API", "API", "{4240106D-DE9D-4B71-B542-565181359D65}"
EndProject
Project("{2150E333-8FDC-42A3-9474-1A3956D46DE8}") = "Core", "Core", "{E6BCA901-6F50-4B5D-B62B-4F1F5B734A36}"
EndProject
Project("{2150E333-8FDC-42A3-9474-1A3956D46DE8}") = "Infrastructure", "Infrastructure", "{0FBDEA30-DA95-4E13-BCE4-0AE281CC7DED}"
EndProject
Project("{2150E333-8FDC-42A3-9474-1A3956D46DE8}") = "Shared", "Shared", "{9334EE55-18C4-4368-ACF1-9E29ED75679A}"
EndProject
Project("{2150E333-8FDC-42A3-9474-1A3956D46DE8}") = "API", "API", "{318D72E8-75A2-4CC1-84B0-4BC35DA28B58}"
EndProject
Project("{2150E333-8FDC-42A3-9474-1A3956D46DE8}") = "Core", "Core", "{7F8FE42E-7794-4137-A7AA-100FF2ED52D2}"
EndProject
Project("{2150E333-8FDC-42A3-9474-1A3956D46DE8}") = "Infrastructure", "Infrastructure", "{B2604DFC-693E-42CA-995E-A68525BBCFA6}"
EndProject
Project("{2150E333-8FDC-42A3-9474-1A3956D46DE8}") = "Shared", "Shared", "{FED912F8-6BF3-4904-94EB-608C3CAD5456}"
EndProject
Project("{9A19103F-16F7-4668-BE54-9A1E7A4F7556}") = "Host", "OTPService\API\Host\Host.csproj", "{596A7FDB-F0FE-40EB-80C3-F12202ECA17F}"
EndProject
Project("{9A19103F-16F7-4668-BE54-9A1E7A4F7556}") = "Web", "OTPService\API\Web\Web.csproj", "{DCFAA6A3-6E9B-43EA-9C95-6173845714EA}"
EndProject
Project("{9A19103F-16F7-4668-BE54-9A1E7A4F7556}") = "Application", "OTPService\Core\Application\Application.csproj", "{12990239-5C31-4EF0-B97C-1A196840E0A5}"
EndProject
Project("{9A19103F-16F7-4668-BE54-9A1E7A4F7556}") = "Domain", "OTPService\Core\Domain\Domain.csproj", "{55214EEF-B2FC-4251-93E9-C49FB61BEC47}"
EndProject
Project("{9A19103F-16F7-4668-BE54-9A1E7A4F7556}") = "Infrastructure", "OTPService\Infrastructure\Infrastructure\Infrastructure.csproj", "{95E9C944-62EF-4E7F-A169-32458EA26E23}"
EndProject
Project("{9A19103F-16F7-4668-BE54-9A1E7A4F7556}") = "Models", "OTPService\Infrastructure\Models\Models.csproj", "{307C794A-17E6-498D-AE35-CCC4FFED3ABF}"
EndProject
Project("{9A19103F-16F7-4668-BE54-9A1E7A4F7556}") = "Persistence", "OTPService\Infrastructure\Persistence\Persistence.csproj", "{D05A7BA5-8E53-48FC-9B6D-4BAD8C65BC4F}"
EndProject
Project("{9A19103F-16F7-4668-BE54-9A1E7A4F7556}") = "Shared", "OTPService\Shared\Shared\Shared.csproj", "{B3AE0C51-D7CA-4109-A565-1C14516270FD}"
EndProject
Project("{9A19103F-16F7-4668-BE54-9A1E7A4F7556}") = "Host", "SMSService\API\Host\Host.csproj", "{5981712F-C9DD-4D8E-92FE-66AA27A81734}"
EndProject
Project("{9A19103F-16F7-4668-BE54-9A1E7A4F7556}") = "Web", "SMSService\API\Web\Web.csproj", "{DD9403BB-6722-4C4B-939D-8579A1B95F19}"
EndProject
Project("{9A19103F-16F7-4668-BE54-9A1E7A4F7556}") = "Application", "SMSService\Core\Application\Application.csproj", "{9E35377B-78FB-41DC-9EEB-63707E6EFDBD}"
EndProject
Project("{9A19103F-16F7-4668-BE54-9A1E7A4F7556}") = "Domain", "SMSService\Core\Domain\Domain.csproj", "{E8599701-7868-4B26-84F3-38FA582C7EFD}"
EndProject
Project("{9A19103F-16F7-4668-BE54-9A1E7A4F7556}") = "Infrastructure", "SMSService\Infrastructure\Infrastructure\Infrastructure.csproj", "{E556D65E-2512-43BF-BC8D-74D366A741DE}"
EndProject
Project("{9A19103F-16F7-4668-BE54-9A1E7A4F7556}") = "Models", "SMSService\Infrastructure\Models\Models.csproj", "{9C86D996-436A-4663-81D2-0E403B268F8C}"
EndProject
Project("{9A19103F-16F7-4668-BE54-9A1E7A4F7556}") = "Persistence", "SMSService\Infrastructure\Persistence\Persistence.csproj", "{25F7CF38-EA39-4926-AB80-256AD68E0FF5}"
EndProject
Project("{9A19103F-16F7-4668-BE54-9A1E7A4F7556}") = "Shared", "SMSService\Shared\Shared\Shared.csproj", "{EF8D9E80-9D9A-46D2-8473-E042578FE48D}"
EndProject
Global
	GlobalSection(SolutionConfigurationPlatforms) = preSolution
		Debug|Any CPU = Debug|Any CPU
		Release|Any CPU = Release|Any CPU
	EndGlobalSection
	GlobalSection(ProjectConfigurationPlatforms) = postSolution
		{221A2F86-299C-4F50-BCD8-09A7C8E76BF0}.Debug|Any CPU.ActiveCfg = Debug|Any CPU
		{221A2F86-299C-4F50-BCD8-09A7C8E76BF0}.Debug|Any CPU.Build.0 = Debug|Any CPU
		{221A2F86-299C-4F50-BCD8-09A7C8E76BF0}.Release|Any CPU.ActiveCfg = Release|Any CPU
		{221A2F86-299C-4F50-BCD8-09A7C8E76BF0}.Release|Any CPU.Build.0 = Release|Any CPU
		{EDBF3990-3DB8-4313-875A-C90A365F6973}.Debug|Any CPU.ActiveCfg = Debug|Any CPU
		{EDBF3990-3DB8-4313-875A-C90A365F6973}.Debug|Any CPU.Build.0 = Debug|Any CPU
		{EDBF3990-3DB8-4313-875A-C90A365F6973}.Release|Any CPU.ActiveCfg = Release|Any CPU
		{EDBF3990-3DB8-4313-875A-C90A365F6973}.Release|Any CPU.Build.0 = Release|Any CPU
		{3855B538-5780-4256-BFEE-A1682D418061}.Debug|Any CPU.ActiveCfg = Debug|Any CPU
		{3855B538-5780-4256-BFEE-A1682D418061}.Debug|Any CPU.Build.0 = Debug|Any CPU
		{3855B538-5780-4256-BFEE-A1682D418061}.Release|Any CPU.ActiveCfg = Release|Any CPU
		{3855B538-5780-4256-BFEE-A1682D418061}.Release|Any CPU.Build.0 = Release|Any CPU
		{450790CB-ABDE-4448-901F-C8821645D59B}.Debug|Any CPU.ActiveCfg = Debug|Any CPU
		{450790CB-ABDE-4448-901F-C8821645D59B}.Debug|Any CPU.Build.0 = Debug|Any CPU
		{450790CB-ABDE-4448-901F-C8821645D59B}.Release|Any CPU.ActiveCfg = Release|Any CPU
		{450790CB-ABDE-4448-901F-C8821645D59B}.Release|Any CPU.Build.0 = Release|Any CPU
		{69F836DD-CAF3-491E-BCCD-798BD38A6431}.Debug|Any CPU.ActiveCfg = Debug|Any CPU
		{69F836DD-CAF3-491E-BCCD-798BD38A6431}.Debug|Any CPU.Build.0 = Debug|Any CPU
		{69F836DD-CAF3-491E-BCCD-798BD38A6431}.Release|Any CPU.ActiveCfg = Release|Any CPU
		{69F836DD-CAF3-491E-BCCD-798BD38A6431}.Release|Any CPU.Build.0 = Release|Any CPU
		{699C41FD-C3B1-4618-BA2E-9D9D67AF32B8}.Debug|Any CPU.ActiveCfg = Debug|Any CPU
		{699C41FD-C3B1-4618-BA2E-9D9D67AF32B8}.Debug|Any CPU.Build.0 = Debug|Any CPU
		{699C41FD-C3B1-4618-BA2E-9D9D67AF32B8}.Release|Any CPU.ActiveCfg = Release|Any CPU
		{699C41FD-C3B1-4618-BA2E-9D9D67AF32B8}.Release|Any CPU.Build.0 = Release|Any CPU
		{4700D293-F41F-4174-B96D-EA261BB7AEE6}.Debug|Any CPU.ActiveCfg = Debug|Any CPU
		{4700D293-F41F-4174-B96D-EA261BB7AEE6}.Debug|Any CPU.Build.0 = Debug|Any CPU
		{4700D293-F41F-4174-B96D-EA261BB7AEE6}.Release|Any CPU.ActiveCfg = Release|Any CPU
		{4700D293-F41F-4174-B96D-EA261BB7AEE6}.Release|Any CPU.Build.0 = Release|Any CPU
		{AF74D2E9-3EE3-415B-B829-144F777EF663}.Debug|Any CPU.ActiveCfg = Debug|Any CPU
		{AF74D2E9-3EE3-415B-B829-144F777EF663}.Debug|Any CPU.Build.0 = Debug|Any CPU
		{AF74D2E9-3EE3-415B-B829-144F777EF663}.Release|Any CPU.ActiveCfg = Release|Any CPU
		{AF74D2E9-3EE3-415B-B829-144F777EF663}.Release|Any CPU.Build.0 = Release|Any CPU
		{1B808BB8-CD2F-4803-BC0C-2485666045FC}.Debug|Any CPU.ActiveCfg = Debug|Any CPU
		{1B808BB8-CD2F-4803-BC0C-2485666045FC}.Debug|Any CPU.Build.0 = Debug|Any CPU
		{1B808BB8-CD2F-4803-BC0C-2485666045FC}.Release|Any CPU.ActiveCfg = Release|Any CPU
		{1B808BB8-CD2F-4803-BC0C-2485666045FC}.Release|Any CPU.Build.0 = Release|Any CPU
		{5590A6C2-9D84-4F70-AD88-57287195F499}.Debug|Any CPU.ActiveCfg = Debug|Any CPU
		{5590A6C2-9D84-4F70-AD88-57287195F499}.Debug|Any CPU.Build.0 = Debug|Any CPU
		{5590A6C2-9D84-4F70-AD88-57287195F499}.Release|Any CPU.ActiveCfg = Release|Any CPU
		{5590A6C2-9D84-4F70-AD88-57287195F499}.Release|Any CPU.Build.0 = Release|Any CPU
		{74BBEC57-806B-4F65-B7ED-581F252C8E28}.Debug|Any CPU.ActiveCfg = Debug|Any CPU
		{74BBEC57-806B-4F65-B7ED-581F252C8E28}.Debug|Any CPU.Build.0 = Debug|Any CPU
		{74BBEC57-806B-4F65-B7ED-581F252C8E28}.Release|Any CPU.ActiveCfg = Release|Any CPU
		{74BBEC57-806B-4F65-B7ED-581F252C8E28}.Release|Any CPU.Build.0 = Release|Any CPU
		{27388CEA-50D2-4CC7-A544-DC58AB154740}.Debug|Any CPU.ActiveCfg = Debug|Any CPU
		{27388CEA-50D2-4CC7-A544-DC58AB154740}.Debug|Any CPU.Build.0 = Debug|Any CPU
		{27388CEA-50D2-4CC7-A544-DC58AB154740}.Release|Any CPU.ActiveCfg = Release|Any CPU
		{27388CEA-50D2-4CC7-A544-DC58AB154740}.Release|Any CPU.Build.0 = Release|Any CPU
		{AE4B656B-B589-4D41-923E-27AAB9C81C24}.Debug|Any CPU.ActiveCfg = Debug|Any CPU
		{AE4B656B-B589-4D41-923E-27AAB9C81C24}.Debug|Any CPU.Build.0 = Debug|Any CPU
		{AE4B656B-B589-4D41-923E-27AAB9C81C24}.Release|Any CPU.ActiveCfg = Release|Any CPU
		{AE4B656B-B589-4D41-923E-27AAB9C81C24}.Release|Any CPU.Build.0 = Release|Any CPU
		{539F8CED-3FB9-4AA7-8C27-E6E17BE1857C}.Debug|Any CPU.ActiveCfg = Debug|Any CPU
		{539F8CED-3FB9-4AA7-8C27-E6E17BE1857C}.Debug|Any CPU.Build.0 = Debug|Any CPU
		{539F8CED-3FB9-4AA7-8C27-E6E17BE1857C}.Release|Any CPU.ActiveCfg = Release|Any CPU
		{539F8CED-3FB9-4AA7-8C27-E6E17BE1857C}.Release|Any CPU.Build.0 = Release|Any CPU
		{04FA20B0-8022-4252-9D8D-55790199A57A}.Debug|Any CPU.ActiveCfg = Debug|Any CPU
		{04FA20B0-8022-4252-9D8D-55790199A57A}.Debug|Any CPU.Build.0 = Debug|Any CPU
		{04FA20B0-8022-4252-9D8D-55790199A57A}.Release|Any CPU.ActiveCfg = Release|Any CPU
		{04FA20B0-8022-4252-9D8D-55790199A57A}.Release|Any CPU.Build.0 = Release|Any CPU
		{41C1DACA-D878-47EC-BAF3-870337CD469A}.Debug|Any CPU.ActiveCfg = Debug|Any CPU
		{41C1DACA-D878-47EC-BAF3-870337CD469A}.Debug|Any CPU.Build.0 = Debug|Any CPU
		{41C1DACA-D878-47EC-BAF3-870337CD469A}.Release|Any CPU.ActiveCfg = Release|Any CPU
		{41C1DACA-D878-47EC-BAF3-870337CD469A}.Release|Any CPU.Build.0 = Release|Any CPU
		{596A7FDB-F0FE-40EB-80C3-F12202ECA17F}.Debug|Any CPU.ActiveCfg = Debug|Any CPU
		{596A7FDB-F0FE-40EB-80C3-F12202ECA17F}.Debug|Any CPU.Build.0 = Debug|Any CPU
		{596A7FDB-F0FE-40EB-80C3-F12202ECA17F}.Release|Any CPU.ActiveCfg = Release|Any CPU
		{596A7FDB-F0FE-40EB-80C3-F12202ECA17F}.Release|Any CPU.Build.0 = Release|Any CPU
		{DCFAA6A3-6E9B-43EA-9C95-6173845714EA}.Debug|Any CPU.ActiveCfg = Debug|Any CPU
		{DCFAA6A3-6E9B-43EA-9C95-6173845714EA}.Debug|Any CPU.Build.0 = Debug|Any CPU
		{DCFAA6A3-6E9B-43EA-9C95-6173845714EA}.Release|Any CPU.ActiveCfg = Release|Any CPU
		{DCFAA6A3-6E9B-43EA-9C95-6173845714EA}.Release|Any CPU.Build.0 = Release|Any CPU
		{12990239-5C31-4EF0-B97C-1A196840E0A5}.Debug|Any CPU.ActiveCfg = Debug|Any CPU
		{12990239-5C31-4EF0-B97C-1A196840E0A5}.Debug|Any CPU.Build.0 = Debug|Any CPU
		{12990239-5C31-4EF0-B97C-1A196840E0A5}.Release|Any CPU.ActiveCfg = Release|Any CPU
		{12990239-5C31-4EF0-B97C-1A196840E0A5}.Release|Any CPU.Build.0 = Release|Any CPU
		{55214EEF-B2FC-4251-93E9-C49FB61BEC47}.Debug|Any CPU.ActiveCfg = Debug|Any CPU
		{55214EEF-B2FC-4251-93E9-C49FB61BEC47}.Debug|Any CPU.Build.0 = Debug|Any CPU
		{55214EEF-B2FC-4251-93E9-C49FB61BEC47}.Release|Any CPU.ActiveCfg = Release|Any CPU
		{55214EEF-B2FC-4251-93E9-C49FB61BEC47}.Release|Any CPU.Build.0 = Release|Any CPU
		{95E9C944-62EF-4E7F-A169-32458EA26E23}.Debug|Any CPU.ActiveCfg = Debug|Any CPU
		{95E9C944-62EF-4E7F-A169-32458EA26E23}.Debug|Any CPU.Build.0 = Debug|Any CPU
		{95E9C944-62EF-4E7F-A169-32458EA26E23}.Release|Any CPU.ActiveCfg = Release|Any CPU
		{95E9C944-62EF-4E7F-A169-32458EA26E23}.Release|Any CPU.Build.0 = Release|Any CPU
		{307C794A-17E6-498D-AE35-CCC4FFED3ABF}.Debug|Any CPU.ActiveCfg = Debug|Any CPU
		{307C794A-17E6-498D-AE35-CCC4FFED3ABF}.Debug|Any CPU.Build.0 = Debug|Any CPU
		{307C794A-17E6-498D-AE35-CCC4FFED3ABF}.Release|Any CPU.ActiveCfg = Release|Any CPU
		{307C794A-17E6-498D-AE35-CCC4FFED3ABF}.Release|Any CPU.Build.0 = Release|Any CPU
		{D05A7BA5-8E53-48FC-9B6D-4BAD8C65BC4F}.Debug|Any CPU.ActiveCfg = Debug|Any CPU
		{D05A7BA5-8E53-48FC-9B6D-4BAD8C65BC4F}.Debug|Any CPU.Build.0 = Debug|Any CPU
		{D05A7BA5-8E53-48FC-9B6D-4BAD8C65BC4F}.Release|Any CPU.ActiveCfg = Release|Any CPU
		{D05A7BA5-8E53-48FC-9B6D-4BAD8C65BC4F}.Release|Any CPU.Build.0 = Release|Any CPU
		{B3AE0C51-D7CA-4109-A565-1C14516270FD}.Debug|Any CPU.ActiveCfg = Debug|Any CPU
		{B3AE0C51-D7CA-4109-A565-1C14516270FD}.Debug|Any CPU.Build.0 = Debug|Any CPU
		{B3AE0C51-D7CA-4109-A565-1C14516270FD}.Release|Any CPU.ActiveCfg = Release|Any CPU
		{B3AE0C51-D7CA-4109-A565-1C14516270FD}.Release|Any CPU.Build.0 = Release|Any CPU
		{5981712F-C9DD-4D8E-92FE-66AA27A81734}.Debug|Any CPU.ActiveCfg = Debug|Any CPU
		{5981712F-C9DD-4D8E-92FE-66AA27A81734}.Debug|Any CPU.Build.0 = Debug|Any CPU
		{5981712F-C9DD-4D8E-92FE-66AA27A81734}.Release|Any CPU.ActiveCfg = Release|Any CPU
		{5981712F-C9DD-4D8E-92FE-66AA27A81734}.Release|Any CPU.Build.0 = Release|Any CPU
		{DD9403BB-6722-4C4B-939D-8579A1B95F19}.Debug|Any CPU.ActiveCfg = Debug|Any CPU
		{DD9403BB-6722-4C4B-939D-8579A1B95F19}.Debug|Any CPU.Build.0 = Debug|Any CPU
		{DD9403BB-6722-4C4B-939D-8579A1B95F19}.Release|Any CPU.ActiveCfg = Release|Any CPU
		{DD9403BB-6722-4C4B-939D-8579A1B95F19}.Release|Any CPU.Build.0 = Release|Any CPU
		{9E35377B-78FB-41DC-9EEB-63707E6EFDBD}.Debug|Any CPU.ActiveCfg = Debug|Any CPU
		{9E35377B-78FB-41DC-9EEB-63707E6EFDBD}.Debug|Any CPU.Build.0 = Debug|Any CPU
		{9E35377B-78FB-41DC-9EEB-63707E6EFDBD}.Release|Any CPU.ActiveCfg = Release|Any CPU
		{9E35377B-78FB-41DC-9EEB-63707E6EFDBD}.Release|Any CPU.Build.0 = Release|Any CPU
		{E8599701-7868-4B26-84F3-38FA582C7EFD}.Debug|Any CPU.ActiveCfg = Debug|Any CPU
		{E8599701-7868-4B26-84F3-38FA582C7EFD}.Debug|Any CPU.Build.0 = Debug|Any CPU
		{E8599701-7868-4B26-84F3-38FA582C7EFD}.Release|Any CPU.ActiveCfg = Release|Any CPU
		{E8599701-7868-4B26-84F3-38FA582C7EFD}.Release|Any CPU.Build.0 = Release|Any CPU
		{E556D65E-2512-43BF-BC8D-74D366A741DE}.Debug|Any CPU.ActiveCfg = Debug|Any CPU
		{E556D65E-2512-43BF-BC8D-74D366A741DE}.Debug|Any CPU.Build.0 = Debug|Any CPU
		{E556D65E-2512-43BF-BC8D-74D366A741DE}.Release|Any CPU.ActiveCfg = Release|Any CPU
		{E556D65E-2512-43BF-BC8D-74D366A741DE}.Release|Any CPU.Build.0 = Release|Any CPU
		{9C86D996-436A-4663-81D2-0E403B268F8C}.Debug|Any CPU.ActiveCfg = Debug|Any CPU
		{9C86D996-436A-4663-81D2-0E403B268F8C}.Debug|Any CPU.Build.0 = Debug|Any CPU
		{9C86D996-436A-4663-81D2-0E403B268F8C}.Release|Any CPU.ActiveCfg = Release|Any CPU
		{9C86D996-436A-4663-81D2-0E403B268F8C}.Release|Any CPU.Build.0 = Release|Any CPU
		{25F7CF38-EA39-4926-AB80-256AD68E0FF5}.Debug|Any CPU.ActiveCfg = Debug|Any CPU
		{25F7CF38-EA39-4926-AB80-256AD68E0FF5}.Debug|Any CPU.Build.0 = Debug|Any CPU
		{25F7CF38-EA39-4926-AB80-256AD68E0FF5}.Release|Any CPU.ActiveCfg = Release|Any CPU
		{25F7CF38-EA39-4926-AB80-256AD68E0FF5}.Release|Any CPU.Build.0 = Release|Any CPU
		{EF8D9E80-9D9A-46D2-8473-E042578FE48D}.Debug|Any CPU.ActiveCfg = Debug|Any CPU
		{EF8D9E80-9D9A-46D2-8473-E042578FE48D}.Debug|Any CPU.Build.0 = Debug|Any CPU
		{EF8D9E80-9D9A-46D2-8473-E042578FE48D}.Release|Any CPU.ActiveCfg = Release|Any CPU
		{EF8D9E80-9D9A-46D2-8473-E042578FE48D}.Release|Any CPU.Build.0 = Release|Any CPU
	EndGlobalSection
	GlobalSection(SolutionProperties) = preSolution
		HideSolutionNode = FALSE
	EndGlobalSection
	GlobalSection(NestedProjects) = preSolution
		{B44C91D8-1696-4919-9F78-FDA7EC243403} = {9299E61A-D710-45C5-91B1-80541C4F0231}
		{4A4BD1AA-4033-4EA3-B688-54539C3019B9} = {9299E61A-D710-45C5-91B1-80541C4F0231}
		{86E8D4FA-2FDC-4907-A37F-CB97F4AFB50D} = {9299E61A-D710-45C5-91B1-80541C4F0231}
		{6C184022-32BC-4DD8-A5BB-694932C08402} = {9299E61A-D710-45C5-91B1-80541C4F0231}
		{1E8EB52D-DF80-4654-A834-CD4AA9F9E24B} = {ABABF2DB-277F-4B1B-9251-15A82FD44C24}
		{9F2F24D0-076E-4E19-AD48-D6A934AEC846} = {ABABF2DB-277F-4B1B-9251-15A82FD44C24}
		{EA5BEC4F-757E-413C-BF5C-620177E25490} = {ABABF2DB-277F-4B1B-9251-15A82FD44C24}
		{DAA37552-2DD1-4DA4-A412-83A4C158BF15} = {ABABF2DB-277F-4B1B-9251-15A82FD44C24}
		{221A2F86-299C-4F50-BCD8-09A7C8E76BF0} = {B44C91D8-1696-4919-9F78-FDA7EC243403}
		{EDBF3990-3DB8-4313-875A-C90A365F6973} = {B44C91D8-1696-4919-9F78-FDA7EC243403}
		{3855B538-5780-4256-BFEE-A1682D418061} = {4A4BD1AA-4033-4EA3-B688-54539C3019B9}
		{450790CB-ABDE-4448-901F-C8821645D59B} = {4A4BD1AA-4033-4EA3-B688-54539C3019B9}
		{69F836DD-CAF3-491E-BCCD-798BD38A6431} = {86E8D4FA-2FDC-4907-A37F-CB97F4AFB50D}
		{699C41FD-C3B1-4618-BA2E-9D9D67AF32B8} = {86E8D4FA-2FDC-4907-A37F-CB97F4AFB50D}
		{4700D293-F41F-4174-B96D-EA261BB7AEE6} = {86E8D4FA-2FDC-4907-A37F-CB97F4AFB50D}
		{AF74D2E9-3EE3-415B-B829-144F777EF663} = {6C184022-32BC-4DD8-A5BB-694932C08402}
		{1B808BB8-CD2F-4803-BC0C-2485666045FC} = {1E8EB52D-DF80-4654-A834-CD4AA9F9E24B}
		{5590A6C2-9D84-4F70-AD88-57287195F499} = {1E8EB52D-DF80-4654-A834-CD4AA9F9E24B}
		{74BBEC57-806B-4F65-B7ED-581F252C8E28} = {9F2F24D0-076E-4E19-AD48-D6A934AEC846}
		{27388CEA-50D2-4CC7-A544-DC58AB154740} = {9F2F24D0-076E-4E19-AD48-D6A934AEC846}
		{AE4B656B-B589-4D41-923E-27AAB9C81C24} = {EA5BEC4F-757E-413C-BF5C-620177E25490}
		{539F8CED-3FB9-4AA7-8C27-E6E17BE1857C} = {EA5BEC4F-757E-413C-BF5C-620177E25490}
		{04FA20B0-8022-4252-9D8D-55790199A57A} = {EA5BEC4F-757E-413C-BF5C-620177E25490}
		{41C1DACA-D878-47EC-BAF3-870337CD469A} = {DAA37552-2DD1-4DA4-A412-83A4C158BF15}
		{4240106D-DE9D-4B71-B542-565181359D65} = {E3BDEEC1-856C-46EA-8B67-9EBA54D585F5}
		{E6BCA901-6F50-4B5D-B62B-4F1F5B734A36} = {E3BDEEC1-856C-46EA-8B67-9EBA54D585F5}
		{0FBDEA30-DA95-4E13-BCE4-0AE281CC7DED} = {E3BDEEC1-856C-46EA-8B67-9EBA54D585F5}
		{9334EE55-18C4-4368-ACF1-9E29ED75679A} = {E3BDEEC1-856C-46EA-8B67-9EBA54D585F5}
		{318D72E8-75A2-4CC1-84B0-4BC35DA28B58} = {DA430CD4-ED69-4DB2-B219-A8C2AE941332}
		{7F8FE42E-7794-4137-A7AA-100FF2ED52D2} = {DA430CD4-ED69-4DB2-B219-A8C2AE941332}
		{B2604DFC-693E-42CA-995E-A68525BBCFA6} = {DA430CD4-ED69-4DB2-B219-A8C2AE941332}
		{FED912F8-6BF3-4904-94EB-608C3CAD5456} = {DA430CD4-ED69-4DB2-B219-A8C2AE941332}
		{596A7FDB-F0FE-40EB-80C3-F12202ECA17F} = {4240106D-DE9D-4B71-B542-565181359D65}
		{DCFAA6A3-6E9B-43EA-9C95-6173845714EA} = {4240106D-DE9D-4B71-B542-565181359D65}
		{12990239-5C31-4EF0-B97C-1A196840E0A5} = {E6BCA901-6F50-4B5D-B62B-4F1F5B734A36}
		{55214EEF-B2FC-4251-93E9-C49FB61BEC47} = {E6BCA901-6F50-4B5D-B62B-4F1F5B734A36}
		{95E9C944-62EF-4E7F-A169-32458EA26E23} = {0FBDEA30-DA95-4E13-BCE4-0AE281CC7DED}
		{307C794A-17E6-498D-AE35-CCC4FFED3ABF} = {0FBDEA30-DA95-4E13-BCE4-0AE281CC7DED}
		{D05A7BA5-8E53-48FC-9B6D-4BAD8C65BC4F} = {0FBDEA30-DA95-4E13-BCE4-0AE281CC7DED}
		{B3AE0C51-D7CA-4109-A565-1C14516270FD} = {9334EE55-18C4-4368-ACF1-9E29ED75679A}
		{5981712F-C9DD-4D8E-92FE-66AA27A81734} = {318D72E8-75A2-4CC1-84B0-4BC35DA28B58}
		{DD9403BB-6722-4C4B-939D-8579A1B95F19} = {318D72E8-75A2-4CC1-84B0-4BC35DA28B58}
		{9E35377B-78FB-41DC-9EEB-63707E6EFDBD} = {7F8FE42E-7794-4137-A7AA-100FF2ED52D2}
		{E8599701-7868-4B26-84F3-38FA582C7EFD} = {7F8FE42E-7794-4137-A7AA-100FF2ED52D2}
		{E556D65E-2512-43BF-BC8D-74D366A741DE} = {B2604DFC-693E-42CA-995E-A68525BBCFA6}
		{9C86D996-436A-4663-81D2-0E403B268F8C} = {B2604DFC-693E-42CA-995E-A68525BBCFA6}
		{25F7CF38-EA39-4926-AB80-256AD68E0FF5} = {B2604DFC-693E-42CA-995E-A68525BBCFA6}
		{EF8D9E80-9D9A-46D2-8473-E042578FE48D} = {FED912F8-6BF3-4904-94EB-608C3CAD5456}
	EndGlobalSection
	GlobalSection(ExtensibilityGlobals) = postSolution
		SolutionGuid = {A40E7226-FEBC-4738-B9DB-51898D177255}
	EndGlobalSection
EndGlobal
