
Microsoft Visual Studio Solution File, Format Version 12.00
# Visual Studio Version 17
VisualStudioVersion = 17.9.34723.18
MinimumVisualStudioVersion = 10.0.40219.1
Project("{2150E333-8FDC-42A3-9474-1A3956D46DE8}") = "ApiGateways", "ApiGateways", "{8096EE5F-65C4-4F07-91F8-995D1637615B}"
EndProject
Project("{2150E333-8FDC-42A3-9474-1A3956D46DE8}") = "EmailService", "EmailService", "{9299E61A-D710-45C5-91B1-80541C4F0231}"
EndProject
Project("{2150E333-8FDC-42A3-9474-1A3956D46DE8}") = "NotificationService", "NotificationService", "{ABABF2DB-277F-4B1B-9251-15A82FD44C24}"
EndProject
Project("{2150E333-8FDC-42A3-9474-1A3956D46DE8}") = "OTPService", "OTPService", "{E3BDEEC1-856C-46EA-8B67-9EBA54D585F5}"
EndProject
Project("{2150E333-8FDC-42A3-9474-1A3956D46DE8}") = "SMSService", "SMSService", "{DA430CD4-ED69-4DB2-B219-A8C2AE941332}"
EndProject
Project("{2150E333-8FDC-42A3-9474-1A3956D46DE8}") = "API", "API", "{B44C91D8-1696-4919-9F78-FDA7EC243403}"
EndProject
Project("{2150E333-8FDC-42A3-9474-1A3956D46DE8}") = "Core", "Core", "{4A4BD1AA-4033-4EA3-B688-54539C3019B9}"
EndProject
Project("{2150E333-8FDC-42A3-9474-1A3956D46DE8}") = "Infrastructure", "Infrastructure", "{86E8D4FA-2FDC-4907-A37F-CB97F4AFB50D}"
EndProject
Project("{2150E333-8FDC-42A3-9474-1A3956D46DE8}") = "Shared", "Shared", "{6C184022-32BC-4DD8-A5BB-694932C08402}"
EndProject
Project("{2150E333-8FDC-42A3-9474-1A3956D46DE8}") = "API", "API", "{1E8EB52D-DF80-4654-A834-CD4AA9F9E24B}"
EndProject
Project("{2150E333-8FDC-42A3-9474-1A3956D46DE8}") = "Core", "Core", "{9F2F24D0-076E-4E19-AD48-D6A934AEC846}"
EndProject
Project("{2150E333-8FDC-42A3-9474-1A3956D46DE8}") = "Infrastructure", "Infrastructure", "{EA5BEC4F-757E-413C-BF5C-620177E25490}"
EndProject
Project("{2150E333-8FDC-42A3-9474-1A3956D46DE8}") = "Shared", "Shared", "{DAA37552-2DD1-4DA4-A412-83A4C158BF15}"
EndProject
Project("{9A19103F-16F7-4668-BE54-9A1E7A4F7556}") = "Host", "EmailService\API\Host\Host.csproj", "{221A2F86-299C-4F50-BCD8-09A7C8E76BF0}"
EndProject
Project("{9A19103F-16F7-4668-BE54-9A1E7A4F7556}") = "Web", "EmailService\API\Web\Web.csproj", "{EDBF3990-3DB8-4313-875A-C90A365F6973}"
EndProject
Project("{9A19103F-16F7-4668-BE54-9A1E7A4F7556}") = "Application", "EmailService\Core\Application\Application.csproj", "{3855B538-5780-4256-BFEE-A1682D418061}"
EndProject
Project("{9A19103F-16F7-4668-BE54-9A1E7A4F7556}") = "Domain", "EmailService\Core\Domain\Domain.csproj", "{450790CB-ABDE-4448-901F-C8821645D59B}"
EndProject
Project("{9A19103F-16F7-4668-BE54-9A1E7A4F7556}") = "Infrastructure", "EmailService\Infrastructure\Infrastructure\Infrastructure.csproj", "{69F836DD-CAF3-491E-BCCD-798BD38A6431}"
EndProject
Project("{9A19103F-16F7-4668-BE54-9A1E7A4F7556}") = "Models", "EmailService\Infrastructure\Models\Models.csproj", "{699C41FD-C3B1-4618-BA2E-9D9D67AF32B8}"
EndProject
Project("{9A19103F-16F7-4668-BE54-9A1E7A4F7556}") = "Persistence", "EmailService\Infrastructure\Persistence\Persistence.csproj", "{4700D293-F41F-4174-B96D-EA261BB7AEE6}"
EndProject
Project("{9A19103F-16F7-4668-BE54-9A1E7A4F7556}") = "Shared", "EmailService\Shared\Shared\Shared.csproj", "{AF74D2E9-3EE3-415B-B829-144F777EF663}"
EndProject
Project("{9A19103F-16F7-4668-BE54-9A1E7A4F7556}") = "Host", "NotificationService\API\Host\Host.csproj", "{1B808BB8-CD2F-4803-BC0C-2485666045FC}"
EndProject
Project("{9A19103F-16F7-4668-BE54-9A1E7A4F7556}") = "Web", "NotificationService\API\Web\Web.csproj", "{5590A6C2-9D84-4F70-AD88-57287195F499}"
EndProject
Project("{9A19103F-16F7-4668-BE54-9A1E7A4F7556}") = "Application", "NotificationService\Core\Application\Application.csproj", "{74BBEC57-806B-4F65-B7ED-581F252C8E28}"
EndProject
Project("{9A19103F-16F7-4668-BE54-9A1E7A4F7556}") = "Domain", "NotificationService\Core\Domain\Domain.csproj", "{27388CEA-50D2-4CC7-A544-DC58AB154740}"
EndProject
Project("{9A19103F-16F7-4668-BE54-9A1E7A4F7556}") = "Infrastructure", "NotificationService\Infrastructure\Infrastructure\Infrastructure.csproj", "{AE4B656B-B589-4D41-923E-27AAB9C81C24}"
EndProject
Project("{9A19103F-16F7-4668-BE54-9A1E7A4F7556}") = "Models", "NotificationService\Infrastructure\Models\Models.csproj", "{539F8CED-3FB9-4AA7-8C27-E6E17BE1857C}"
EndProject
Project("{9A19103F-16F7-4668-BE54-9A1E7A4F7556}") = "Persistence", "NotificationService\Infrastructure\Persistence\Persistence.csproj", "{04FA20B0-8022-4252-9D8D-55790199A57A}"
EndProject
Project("{9A19103F-16F7-4668-BE54-9A1E7A4F7556}") = "Shared", "NotificationService\Shared\Shared\Shared.csproj", "{41C1DACA-D878-47EC-BAF3-870337CD469A}"
EndProject
Global
	GlobalSection(SolutionConfigurationPlatforms) = preSolution
		Debug|Any CPU = Debug|Any CPU
		Release|Any CPU = Release|Any CPU
	EndGlobalSection
	GlobalSection(ProjectConfigurationPlatforms) = postSolution
		{221A2F86-299C-4F50-BCD8-09A7C8E76BF0}.Debug|Any CPU.ActiveCfg = Debug|Any CPU
		{221A2F86-299C-4F50-BCD8-09A7C8E76BF0}.Debug|Any CPU.Build.0 = Debug|Any CPU
		{221A2F86-299C-4F50-BCD8-09A7C8E76BF0}.Release|Any CPU.ActiveCfg = Release|Any CPU
		{221A2F86-299C-4F50-BCD8-09A7C8E76BF0}.Release|Any CPU.Build.0 = Release|Any CPU
		{EDBF3990-3DB8-4313-875A-C90A365F6973}.Debug|Any CPU.ActiveCfg = Debug|Any CPU
		{EDBF3990-3DB8-4313-875A-C90A365F6973}.Debug|Any CPU.Build.0 = Debug|Any CPU
		{EDBF3990-3DB8-4313-875A-C90A365F6973}.Release|Any CPU.ActiveCfg = Release|Any CPU
		{EDBF3990-3DB8-4313-875A-C90A365F6973}.Release|Any CPU.Build.0 = Release|Any CPU
		{3855B538-5780-4256-BFEE-A1682D418061}.Debug|Any CPU.ActiveCfg = Debug|Any CPU
		{3855B538-5780-4256-BFEE-A1682D418061}.Debug|Any CPU.Build.0 = Debug|Any CPU
		{3855B538-5780-4256-BFEE-A1682D418061}.Release|Any CPU.ActiveCfg = Release|Any CPU
		{3855B538-5780-4256-BFEE-A1682D418061}.Release|Any CPU.Build.0 = Release|Any CPU
		{450790CB-ABDE-4448-901F-C8821645D59B}.Debug|Any CPU.ActiveCfg = Debug|Any CPU
		{450790CB-ABDE-4448-901F-C8821645D59B}.Debug|Any CPU.Build.0 = Debug|Any CPU
		{450790CB-ABDE-4448-901F-C8821645D59B}.Release|Any CPU.ActiveCfg = Release|Any CPU
		{450790CB-ABDE-4448-901F-C8821645D59B}.Release|Any CPU.Build.0 = Release|Any CPU
		{69F836DD-CAF3-491E-BCCD-798BD38A6431}.Debug|Any CPU.ActiveCfg = Debug|Any CPU
		{69F836DD-CAF3-491E-BCCD-798BD38A6431}.Debug|Any CPU.Build.0 = Debug|Any CPU
		{69F836DD-CAF3-491E-BCCD-798BD38A6431}.Release|Any CPU.ActiveCfg = Release|Any CPU
		{69F836DD-CAF3-491E-BCCD-798BD38A6431}.Release|Any CPU.Build.0 = Release|Any CPU
		{699C41FD-C3B1-4618-BA2E-9D9D67AF32B8}.Debug|Any CPU.ActiveCfg = Debug|Any CPU
		{699C41FD-C3B1-4618-BA2E-9D9D67AF32B8}.Debug|Any CPU.Build.0 = Debug|Any CPU
		{699C41FD-C3B1-4618-BA2E-9D9D67AF32B8}.Release|Any CPU.ActiveCfg = Release|Any CPU
		{699C41FD-C3B1-4618-BA2E-9D9D67AF32B8}.Release|Any CPU.Build.0 = Release|Any CPU
		{4700D293-F41F-4174-B96D-EA261BB7AEE6}.Debug|Any CPU.ActiveCfg = Debug|Any CPU
		{4700D293-F41F-4174-B96D-EA261BB7AEE6}.Debug|Any CPU.Build.0 = Debug|Any CPU
		{4700D293-F41F-4174-B96D-EA261BB7AEE6}.Release|Any CPU.ActiveCfg = Release|Any CPU
		{4700D293-F41F-4174-B96D-EA261BB7AEE6}.Release|Any CPU.Build.0 = Release|Any CPU
		{AF74D2E9-3EE3-415B-B829-144F777EF663}.Debug|Any CPU.ActiveCfg = Debug|Any CPU
		{AF74D2E9-3EE3-415B-B829-144F777EF663}.Debug|Any CPU.Build.0 = Debug|Any CPU
		{AF74D2E9-3EE3-415B-B829-144F777EF663}.Release|Any CPU.ActiveCfg = Release|Any CPU
		{AF74D2E9-3EE3-415B-B829-144F777EF663}.Release|Any CPU.Build.0 = Release|Any CPU
		{1B808BB8-CD2F-4803-BC0C-2485666045FC}.Debug|Any CPU.ActiveCfg = Debug|Any CPU
		{1B808BB8-CD2F-4803-BC0C-2485666045FC}.Debug|Any CPU.Build.0 = Debug|Any CPU
		{1B808BB8-CD2F-4803-BC0C-2485666045FC}.Release|Any CPU.ActiveCfg = Release|Any CPU
		{1B808BB8-CD2F-4803-BC0C-2485666045FC}.Release|Any CPU.Build.0 = Release|Any CPU
		{5590A6C2-9D84-4F70-AD88-57287195F499}.Debug|Any CPU.ActiveCfg = Debug|Any CPU
		{5590A6C2-9D84-4F70-AD88-57287195F499}.Debug|Any CPU.Build.0 = Debug|Any CPU
		{5590A6C2-9D84-4F70-AD88-57287195F499}.Release|Any CPU.ActiveCfg = Release|Any CPU
		{5590A6C2-9D84-4F70-AD88-57287195F499}.Release|Any CPU.Build.0 = Release|Any CPU
		{74BBEC57-806B-4F65-B7ED-581F252C8E28}.Debug|Any CPU.ActiveCfg = Debug|Any CPU
		{74BBEC57-806B-4F65-B7ED-581F252C8E28}.Debug|Any CPU.Build.0 = Debug|Any CPU
		{74BBEC57-806B-4F65-B7ED-581F252C8E28}.Release|Any CPU.ActiveCfg = Release|Any CPU
		{74BBEC57-806B-4F65-B7ED-581F252C8E28}.Release|Any CPU.Build.0 = Release|Any CPU
		{27388CEA-50D2-4CC7-A544-DC58AB154740}.Debug|Any CPU.ActiveCfg = Debug|Any CPU
		{27388CEA-50D2-4CC7-A544-DC58AB154740}.Debug|Any CPU.Build.0 = Debug|Any CPU
		{27388CEA-50D2-4CC7-A544-DC58AB154740}.Release|Any CPU.ActiveCfg = Release|Any CPU
		{27388CEA-50D2-4CC7-A544-DC58AB154740}.Release|Any CPU.Build.0 = Release|Any CPU
		{AE4B656B-B589-4D41-923E-27AAB9C81C24}.Debug|Any CPU.ActiveCfg = Debug|Any CPU
		{AE4B656B-B589-4D41-923E-27AAB9C81C24}.Debug|Any CPU.Build.0 = Debug|Any CPU
		{AE4B656B-B589-4D41-923E-27AAB9C81C24}.Release|Any CPU.ActiveCfg = Release|Any CPU
		{AE4B656B-B589-4D41-923E-27AAB9C81C24}.Release|Any CPU.Build.0 = Release|Any CPU
		{539F8CED-3FB9-4AA7-8C27-E6E17BE1857C}.Debug|Any CPU.ActiveCfg = Debug|Any CPU
		{539F8CED-3FB9-4AA7-8C27-E6E17BE1857C}.Debug|Any CPU.Build.0 = Debug|Any CPU
		{539F8CED-3FB9-4AA7-8C27-E6E17BE1857C}.Release|Any CPU.ActiveCfg = Release|Any CPU
		{539F8CED-3FB9-4AA7-8C27-E6E17BE1857C}.Release|Any CPU.Build.0 = Release|Any CPU
		{04FA20B0-8022-4252-9D8D-55790199A57A}.Debug|Any CPU.ActiveCfg = Debug|Any CPU
		{04FA20B0-8022-4252-9D8D-55790199A57A}.Debug|Any CPU.Build.0 = Debug|Any CPU
		{04FA20B0-8022-4252-9D8D-55790199A57A}.Release|Any CPU.ActiveCfg = Release|Any CPU
		{04FA20B0-8022-4252-9D8D-55790199A57A}.Release|Any CPU.Build.0 = Release|Any CPU
		{41C1DACA-D878-47EC-BAF3-870337CD469A}.Debug|Any CPU.ActiveCfg = Debug|Any CPU
		{41C1DACA-D878-47EC-BAF3-870337CD469A}.Debug|Any CPU.Build.0 = Debug|Any CPU
		{41C1DACA-D878-47EC-BAF3-870337CD469A}.Release|Any CPU.ActiveCfg = Release|Any CPU
		{41C1DACA-D878-47EC-BAF3-870337CD469A}.Release|Any CPU.Build.0 = Release|Any CPU
	EndGlobalSection
	GlobalSection(SolutionProperties) = preSolution
		HideSolutionNode = FALSE
	EndGlobalSection
	GlobalSection(NestedProjects) = preSolution
		{B44C91D8-1696-4919-9F78-FDA7EC243403} = {9299E61A-D710-45C5-91B1-80541C4F0231}
		{4A4BD1AA-4033-4EA3-B688-54539C3019B9} = {9299E61A-D710-45C5-91B1-80541C4F0231}
		{86E8D4FA-2FDC-4907-A37F-CB97F4AFB50D} = {9299E61A-D710-45C5-91B1-80541C4F0231}
		{6C184022-32BC-4DD8-A5BB-694932C08402} = {9299E61A-D710-45C5-91B1-80541C4F0231}
		{1E8EB52D-DF80-4654-A834-CD4AA9F9E24B} = {ABABF2DB-277F-4B1B-9251-15A82FD44C24}
		{9F2F24D0-076E-4E19-AD48-D6A934AEC846} = {ABABF2DB-277F-4B1B-9251-15A82FD44C24}
		{EA5BEC4F-757E-413C-BF5C-620177E25490} = {ABABF2DB-277F-4B1B-9251-15A82FD44C24}
		{DAA37552-2DD1-4DA4-A412-83A4C158BF15} = {ABABF2DB-277F-4B1B-9251-15A82FD44C24}
		{221A2F86-299C-4F50-BCD8-09A7C8E76BF0} = {B44C91D8-1696-4919-9F78-FDA7EC243403}
		{EDBF3990-3DB8-4313-875A-C90A365F6973} = {B44C91D8-1696-4919-9F78-FDA7EC243403}
		{3855B538-5780-4256-BFEE-A1682D418061} = {4A4BD1AA-4033-4EA3-B688-54539C3019B9}
		{450790CB-ABDE-4448-901F-C8821645D59B} = {4A4BD1AA-4033-4EA3-B688-54539C3019B9}
		{69F836DD-CAF3-491E-BCCD-798BD38A6431} = {86E8D4FA-2FDC-4907-A37F-CB97F4AFB50D}
		{699C41FD-C3B1-4618-BA2E-9D9D67AF32B8} = {86E8D4FA-2FDC-4907-A37F-CB97F4AFB50D}
		{4700D293-F41F-4174-B96D-EA261BB7AEE6} = {86E8D4FA-2FDC-4907-A37F-CB97F4AFB50D}
		{AF74D2E9-3EE3-415B-B829-144F777EF663} = {6C184022-32BC-4DD8-A5BB-694932C08402}
		{1B808BB8-CD2F-4803-BC0C-2485666045FC} = {1E8EB52D-DF80-4654-A834-CD4AA9F9E24B}
		{5590A6C2-9D84-4F70-AD88-57287195F499} = {1E8EB52D-DF80-4654-A834-CD4AA9F9E24B}
		{74BBEC57-806B-4F65-B7ED-581F252C8E28} = {9F2F24D0-076E-4E19-AD48-D6A934AEC846}
		{27388CEA-50D2-4CC7-A544-DC58AB154740} = {9F2F24D0-076E-4E19-AD48-D6A934AEC846}
		{AE4B656B-B589-4D41-923E-27AAB9C81C24} = {EA5BEC4F-757E-413C-BF5C-620177E25490}
		{539F8CED-3FB9-4AA7-8C27-E6E17BE1857C} = {EA5BEC4F-757E-413C-BF5C-620177E25490}
		{04FA20B0-8022-4252-9D8D-55790199A57A} = {EA5BEC4F-757E-413C-BF5C-620177E25490}
		{41C1DACA-D878-47EC-BAF3-870337CD469A} = {DAA37552-2DD1-4DA4-A412-83A4C158BF15}
	EndGlobalSection
	GlobalSection(ExtensibilityGlobals) = postSolution
		SolutionGuid = {A40E7226-FEBC-4738-B9DB-51898D177255}
	EndGlobalSection
EndGlobal
