
Microsoft Visual Studio Solution File, Format Version 12.00
# Visual Studio Version 17
VisualStudioVersion = 17.9.34723.18
MinimumVisualStudioVersion = 10.0.40219.1
Project("{2150E333-8FDC-42A3-9474-1A3956D46DE8}") = "API", "API", "{46EE1D55-FF2E-43D8-BABB-47F300ECB27C}"
EndProject
Project("{2150E333-8FDC-42A3-9474-1A3956D46DE8}") = "Core", "Core", "{9530F039-FCF2-4641-9B97-FDD8C4DB25CD}"
EndProject
Project("{2150E333-8FDC-42A3-9474-1A3956D46DE8}") = "Infrastructure", "Infrastructure", "{9B3D2C5E-8C65-43E1-AD00-14D90F41C73E}"
EndProject
Project("{2150E333-8FDC-42A3-9474-1A3956D46DE8}") = "Shared", "Shared", "{1F72F6D2-1FBD-40DF-BB44-D52C3DC109C3}"
EndProject
Project("{9A19103F-16F7-4668-BE54-9A1E7A4F7556}") = "Host", "API\Host\Host.csproj", "{2BFA6FC5-2637-45A3-A8BA-2F1742B34277}"
EndProject
Project("{9A19103F-16F7-4668-BE54-9A1E7A4F7556}") = "Web", "API\Web\Web.csproj", "{B2D66D41-936D-4931-8164-13D2CDFFBFD3}"
EndProject
Project("{9A19103F-16F7-4668-BE54-9A1E7A4F7556}") = "Application", "Core\Application\Application.csproj", "{455F2003-DEEB-4DAA-8148-61621988E095}"
EndProject
Project("{9A19103F-16F7-4668-BE54-9A1E7A4F7556}") = "Domain", "Core\Domain\Domain.csproj", "{73C810CE-AC8A-4706-B8A8-CA0AA816FCCF}"
EndProject
Project("{9A19103F-16F7-4668-BE54-9A1E7A4F7556}") = "Infrastructure", "Infrastructure\Infrastructure\Infrastructure.csproj", "{5A592DA5-4E58-4A93-86B3-46FE08173572}"
EndProject
Project("{9A19103F-16F7-4668-BE54-9A1E7A4F7556}") = "Models", "Infrastructure\Models\Models.csproj", "{4DC45F7F-3AF1-4B56-9E59-6DAFE56F3447}"
EndProject
Project("{9A19103F-16F7-4668-BE54-9A1E7A4F7556}") = "Persistence", "Infrastructure\Persistence\Persistence.csproj", "{B1920BE3-01A4-49CC-A474-53C4CDA1A937}"
EndProject
Project("{9A19103F-16F7-4668-BE54-9A1E7A4F7556}") = "Shared", "Shared\Shared\Shared.csproj", "{0716FE34-C5B3-49AD-9CEB-A3E0E92B0DB3}"
EndProject
Global
	GlobalSection(SolutionConfigurationPlatforms) = preSolution
		Debug|Any CPU = Debug|Any CPU
		Release|Any CPU = Release|Any CPU
	EndGlobalSection
	GlobalSection(ProjectConfigurationPlatforms) = postSolution
		{2BFA6FC5-2637-45A3-A8BA-2F1742B34277}.Debug|Any CPU.ActiveCfg = Debug|Any CPU
		{2BFA6FC5-2637-45A3-A8BA-2F1742B34277}.Debug|Any CPU.Build.0 = Debug|Any CPU
		{2BFA6FC5-2637-45A3-A8BA-2F1742B34277}.Release|Any CPU.ActiveCfg = Release|Any CPU
		{2BFA6FC5-2637-45A3-A8BA-2F1742B34277}.Release|Any CPU.Build.0 = Release|Any CPU
		{B2D66D41-936D-4931-8164-13D2CDFFBFD3}.Debug|Any CPU.ActiveCfg = Debug|Any CPU
		{B2D66D41-936D-4931-8164-13D2CDFFBFD3}.Debug|Any CPU.Build.0 = Debug|Any CPU
		{B2D66D41-936D-4931-8164-13D2CDFFBFD3}.Release|Any CPU.ActiveCfg = Release|Any CPU
		{B2D66D41-936D-4931-8164-13D2CDFFBFD3}.Release|Any CPU.Build.0 = Release|Any CPU
		{455F2003-DEEB-4DAA-8148-61621988E095}.Debug|Any CPU.ActiveCfg = Debug|Any CPU
		{455F2003-DEEB-4DAA-8148-61621988E095}.Debug|Any CPU.Build.0 = Debug|Any CPU
		{455F2003-DEEB-4DAA-8148-61621988E095}.Release|Any CPU.ActiveCfg = Release|Any CPU
		{455F2003-DEEB-4DAA-8148-61621988E095}.Release|Any CPU.Build.0 = Release|Any CPU
		{73C810CE-AC8A-4706-B8A8-CA0AA816FCCF}.Debug|Any CPU.ActiveCfg = Debug|Any CPU
		{73C810CE-AC8A-4706-B8A8-CA0AA816FCCF}.Debug|Any CPU.Build.0 = Debug|Any CPU
		{73C810CE-AC8A-4706-B8A8-CA0AA816FCCF}.Release|Any CPU.ActiveCfg = Release|Any CPU
		{73C810CE-AC8A-4706-B8A8-CA0AA816FCCF}.Release|Any CPU.Build.0 = Release|Any CPU
		{5A592DA5-4E58-4A93-86B3-46FE08173572}.Debug|Any CPU.ActiveCfg = Debug|Any CPU
		{5A592DA5-4E58-4A93-86B3-46FE08173572}.Debug|Any CPU.Build.0 = Debug|Any CPU
		{5A592DA5-4E58-4A93-86B3-46FE08173572}.Release|Any CPU.ActiveCfg = Release|Any CPU
		{5A592DA5-4E58-4A93-86B3-46FE08173572}.Release|Any CPU.Build.0 = Release|Any CPU
		{4DC45F7F-3AF1-4B56-9E59-6DAFE56F3447}.Debug|Any CPU.ActiveCfg = Debug|Any CPU
		{4DC45F7F-3AF1-4B56-9E59-6DAFE56F3447}.Debug|Any CPU.Build.0 = Debug|Any CPU
		{4DC45F7F-3AF1-4B56-9E59-6DAFE56F3447}.Release|Any CPU.ActiveCfg = Release|Any CPU
		{4DC45F7F-3AF1-4B56-9E59-6DAFE56F3447}.Release|Any CPU.Build.0 = Release|Any CPU
		{B1920BE3-01A4-49CC-A474-53C4CDA1A937}.Debug|Any CPU.ActiveCfg = Debug|Any CPU
		{B1920BE3-01A4-49CC-A474-53C4CDA1A937}.Debug|Any CPU.Build.0 = Debug|Any CPU
		{B1920BE3-01A4-49CC-A474-53C4CDA1A937}.Release|Any CPU.ActiveCfg = Release|Any CPU
		{B1920BE3-01A4-49CC-A474-53C4CDA1A937}.Release|Any CPU.Build.0 = Release|Any CPU
		{0716FE34-C5B3-49AD-9CEB-A3E0E92B0DB3}.Debug|Any CPU.ActiveCfg = Debug|Any CPU
		{0716FE34-C5B3-49AD-9CEB-A3E0E92B0DB3}.Debug|Any CPU.Build.0 = Debug|Any CPU
		{0716FE34-C5B3-49AD-9CEB-A3E0E92B0DB3}.Release|Any CPU.ActiveCfg = Release|Any CPU
		{0716FE34-C5B3-49AD-9CEB-A3E0E92B0DB3}.Release|Any CPU.Build.0 = Release|Any CPU
	EndGlobalSection
	GlobalSection(SolutionProperties) = preSolution
		HideSolutionNode = FALSE
	EndGlobalSection
	GlobalSection(NestedProjects) = preSolution
		{2BFA6FC5-2637-45A3-A8BA-2F1742B34277} = {46EE1D55-FF2E-43D8-BABB-47F300ECB27C}
		{B2D66D41-936D-4931-8164-13D2CDFFBFD3} = {46EE1D55-FF2E-43D8-BABB-47F300ECB27C}
		{455F2003-DEEB-4DAA-8148-61621988E095} = {9530F039-FCF2-4641-9B97-FDD8C4DB25CD}
		{73C810CE-AC8A-4706-B8A8-CA0AA816FCCF} = {9530F039-FCF2-4641-9B97-FDD8C4DB25CD}
		{5A592DA5-4E58-4A93-86B3-46FE08173572} = {9B3D2C5E-8C65-43E1-AD00-14D90F41C73E}
		{4DC45F7F-3AF1-4B56-9E59-6DAFE56F3447} = {9B3D2C5E-8C65-43E1-AD00-14D90F41C73E}
		{B1920BE3-01A4-49CC-A474-53C4CDA1A937} = {9B3D2C5E-8C65-43E1-AD00-14D90F41C73E}
		{0716FE34-C5B3-49AD-9CEB-A3E0E92B0DB3} = {1F72F6D2-1FBD-40DF-BB44-D52C3DC109C3}
	EndGlobalSection
	GlobalSection(ExtensibilityGlobals) = postSolution
		SolutionGuid = {A40E7226-FEBC-4738-B9DB-51898D177255}
	EndGlobalSection
EndGlobal
